# This file is automatically @generated by Cargo.
# It is not intended for manual editing.
version = 3

[[package]]
name = "anyhow"
version = "1.0.68"
source = "registry+https://github.com/rust-lang/crates.io-index"
checksum = "2cb2f989d18dd141ab8ae82f64d1a8cdd37e0840f73a406896cf5e99502fab61"

[[package]]
name = "compost"
version = "0.2.0"

[[package]]
name = "compost-codegen"
version = "0.1.0"
dependencies = [
 "anyhow",
 "glob",
 "minijinja",
]

[[package]]
name = "glob"
version = "0.3.0"
source = "registry+https://github.com/rust-lang/crates.io-index"
checksum = "9b919933a397b79c37e33b77bb2aa3dc8eb6e165ad809e58ff75bc7db2e34574"

[[package]]
name = "memo-map"
version = "0.3.1"
source = "registry+https://github.com/rust-lang/crates.io-index"
checksum = "aec276c09560ce4447087aaefc19eb0c18d97e31bd05ebac38881c4723400c40"

[[package]]
name = "minijinja"
version = "0.27.0"
source = "registry+https://github.com/rust-lang/crates.io-index"
checksum = "c758712a3652a2ce74855bf49af7b6684f089497c21a0d394f43c69464f858bf"
dependencies = [
 "memo-map",
 "self_cell",
 "serde",
]

[[package]]
name = "self_cell"
version = "0.10.2"
source = "registry+https://github.com/rust-lang/crates.io-index"
checksum = "1ef965a420fe14fdac7dd018862966a4c14094f900e1650bbc71ddd7d580c8af"

[[package]]
name = "serde"
version = "1.0.152"
source = "registry+https://github.com/rust-lang/crates.io-index"
checksum = "bb7d1f0d3021d347a83e556fc4683dea2ea09d87bccdf88ff5c12545d89d5efb"
